// !$*UTF8*$!
{
	archiveVersion = 1;
	classes = {
	};
	objectVersion = 46;
	objects = {

/* Begin PBXBuildFile section */
		5380C6F4F510EB4571BEB708 /* libPods.a in Frameworks */ = {isa = PBXBuildFile; fileRef = 0FD65F57D82745585D5EFB27 /* libPods.a */; };
		B03D1FC31AFF0F4900C72077 /* Initial.storyboard in Resources */ = {isa = PBXBuildFile; fileRef = B03D1FC21AFF0F4900C72077 /* Initial.storyboard */; };
		B03D1FC51AFF374100C72077 /* User.storyboard in Resources */ = {isa = PBXBuildFile; fileRef = B03D1FC41AFF374100C72077 /* User.storyboard */; };
		B03D1FC81B01B9A000C72077 /* SucursalesViewController.m in Sources */ = {isa = PBXBuildFile; fileRef = B03D1FC71B01B9A000C72077 /* SucursalesViewController.m */; };
		B03D1FCB1B01BE6E00C72077 /* TiendaViewController.m in Sources */ = {isa = PBXBuildFile; fileRef = B03D1FCA1B01BE6E00C72077 /* TiendaViewController.m */; };
		B03D1FCE1B01BF2600C72077 /* OfferViewController.m in Sources */ = {isa = PBXBuildFile; fileRef = B03D1FCD1B01BF2600C72077 /* OfferViewController.m */; };
		B05EF7861ACBA4FB0040C352 /* Parse.framework in Frameworks */ = {isa = PBXBuildFile; fileRef = B05EF7851ACBA4FB0040C352 /* Parse.framework */; };
		B05EF7881ACBA52F0040C352 /* libsqlite3.dylib in Frameworks */ = {isa = PBXBuildFile; fileRef = B05EF7871ACBA52F0040C352 /* libsqlite3.dylib */; };
		B05EF78A1ACBA5380040C352 /* libz.dylib in Frameworks */ = {isa = PBXBuildFile; fileRef = B05EF7891ACBA5380040C352 /* libz.dylib */; };
		B05EF78C1ACBA5430040C352 /* SystemConfiguration.framework in Frameworks */ = {isa = PBXBuildFile; fileRef = B05EF78B1ACBA5430040C352 /* SystemConfiguration.framework */; };
		B05EF78E1ACBA54C0040C352 /* StoreKit.framework in Frameworks */ = {isa = PBXBuildFile; fileRef = B05EF78D1ACBA54C0040C352 /* StoreKit.framework */; };
		B05EF7901ACBA5790040C352 /* Security.framework in Frameworks */ = {isa = PBXBuildFile; fileRef = B05EF78F1ACBA5790040C352 /* Security.framework */; };
		B05EF7921ACBA5840040C352 /* QuartzCore.framework in Frameworks */ = {isa = PBXBuildFile; fileRef = B05EF7911ACBA5840040C352 /* QuartzCore.framework */; };
		B05EF7941ACBA58D0040C352 /* MobileCoreServices.framework in Frameworks */ = {isa = PBXBuildFile; fileRef = B05EF7931ACBA58D0040C352 /* MobileCoreServices.framework */; };
		B05EF7961ACBA5940040C352 /* CoreLocation.framework in Frameworks */ = {isa = PBXBuildFile; fileRef = B05EF7951ACBA5940040C352 /* CoreLocation.framework */; };
		B05EF7981ACBA59F0040C352 /* CoreGraphics.framework in Frameworks */ = {isa = PBXBuildFile; fileRef = B05EF7971ACBA59F0040C352 /* CoreGraphics.framework */; };
		B05EF79A1ACBA5A80040C352 /* CFNetwork.framework in Frameworks */ = {isa = PBXBuildFile; fileRef = B05EF7991ACBA5A80040C352 /* CFNetwork.framework */; };
		B05EF79C1ACBA5B10040C352 /* AudioToolbox.framework in Frameworks */ = {isa = PBXBuildFile; fileRef = B05EF79B1ACBA5B10040C352 /* AudioToolbox.framework */; };
		B05EF79E1ACBAEF40040C352 /* FBSDKCoreKit.framework in Frameworks */ = {isa = PBXBuildFile; fileRef = B05EF79D1ACBAEF40040C352 /* FBSDKCoreKit.framework */; };
		B05EF7A01ACBAF060040C352 /* FBSDKLoginKit.framework in Frameworks */ = {isa = PBXBuildFile; fileRef = B05EF79F1ACBAF060040C352 /* FBSDKLoginKit.framework */; };
		B05EF7A21ACBAF200040C352 /* FBSDKShareKit.framework in Frameworks */ = {isa = PBXBuildFile; fileRef = B05EF7A11ACBAF200040C352 /* FBSDKShareKit.framework */; };
		B05EF7A41ACBB0FB0040C352 /* ParseFacebookUtils.framework in Frameworks */ = {isa = PBXBuildFile; fileRef = B05EF7A31ACBB0FB0040C352 /* ParseFacebookUtils.framework */; };
		B05EF7A61ACBB1D20040C352 /* FacebookSDK.framework in Frameworks */ = {isa = PBXBuildFile; fileRef = B05EF7A51ACBB1D20040C352 /* FacebookSDK.framework */; };
		B06659551A5AFE7300F00BF8 /* main.m in Sources */ = {isa = PBXBuildFile; fileRef = B06659541A5AFE7300F00BF8 /* main.m */; };
		B06659581A5AFE7300F00BF8 /* AppDelegate.m in Sources */ = {isa = PBXBuildFile; fileRef = B06659571A5AFE7300F00BF8 /* AppDelegate.m */; };
		B066595B1A5AFE7300F00BF8 /* ViewController.m in Sources */ = {isa = PBXBuildFile; fileRef = B066595A1A5AFE7300F00BF8 /* ViewController.m */; };
		B066595E1A5AFE7300F00BF8 /* Main.storyboard in Resources */ = {isa = PBXBuildFile; fileRef = B066595C1A5AFE7300F00BF8 /* Main.storyboard */; };
		B06659601A5AFE7300F00BF8 /* Images.xcassets in Resources */ = {isa = PBXBuildFile; fileRef = B066595F1A5AFE7300F00BF8 /* Images.xcassets */; };
		B06659631A5AFE7300F00BF8 /* LaunchScreen.xib in Resources */ = {isa = PBXBuildFile; fileRef = B06659611A5AFE7300F00BF8 /* LaunchScreen.xib */; };
		B066596F1A5AFE7300F00BF8 /* KanguTests.m in Sources */ = {isa = PBXBuildFile; fileRef = B066596E1A5AFE7300F00BF8 /* KanguTests.m */; };
		B06659791A5AFF2600F00BF8 /* ExternalAccessory.framework in Frameworks */ = {isa = PBXBuildFile; fileRef = B06659781A5AFF2600F00BF8 /* ExternalAccessory.framework */; };
		B066597C1A5AFF4800F00BF8 /* PassKit.framework in Frameworks */ = {isa = PBXBuildFile; fileRef = B066597B1A5AFF4800F00BF8 /* PassKit.framework */; };
		B072720D1A5B1EE80094E809 /* LandingViewController.m in Sources */ = {isa = PBXBuildFile; fileRef = B072720C1A5B1EE80094E809 /* LandingViewController.m */; };
		B07272101A5B1EFC0094E809 /* LogInViewController.m in Sources */ = {isa = PBXBuildFile; fileRef = B072720F1A5B1EFC0094E809 /* LogInViewController.m */; };
		B07272131A5B1F1E0094E809 /* SignInViewController.m in Sources */ = {isa = PBXBuildFile; fileRef = B07272121A5B1F1E0094E809 /* SignInViewController.m */; };
		B07272161A5B34ED0094E809 /* background.png in Resources */ = {isa = PBXBuildFile; fileRef = B07272141A5B34ED0094E809 /* background.png */; };
		B07272171A5B34ED0094E809 /* logo.png in Resources */ = {isa = PBXBuildFile; fileRef = B07272151A5B34ED0094E809 /* logo.png */; };
		B072721B1A5B7CE80094E809 /* KANGU LOGO.jpg in Resources */ = {isa = PBXBuildFile; fileRef = B072721A1A5B7CE80094E809 /* KANGU LOGO.jpg */; };
		B07272201A5B801B0094E809 /* TutorialViewController.m in Sources */ = {isa = PBXBuildFile; fileRef = B072721F1A5B801B0094E809 /* TutorialViewController.m */; };
		B07272231A5B80470094E809 /* PageContentViewController.m in Sources */ = {isa = PBXBuildFile; fileRef = B07272221A5B80470094E809 /* PageContentViewController.m */; };
		B07272271A5B828E0094E809 /* Tour1.png in Resources */ = {isa = PBXBuildFile; fileRef = B07272241A5B828E0094E809 /* Tour1.png */; };
		B07272281A5B828E0094E809 /* Tour2.png in Resources */ = {isa = PBXBuildFile; fileRef = B07272251A5B828E0094E809 /* Tour2.png */; };
		B07272291A5B828E0094E809 /* Tour3.png in Resources */ = {isa = PBXBuildFile; fileRef = B07272261A5B828E0094E809 /* Tour3.png */; };
		B072722B1A5B8D260094E809 /* AppFlow.storyboard in Resources */ = {isa = PBXBuildFile; fileRef = B072722A1A5B8D260094E809 /* AppFlow.storyboard */; };
		B072722E1A5B8E4E0094E809 /* SWRevealViewController.m in Sources */ = {isa = PBXBuildFile; fileRef = B072722D1A5B8E4E0094E809 /* SWRevealViewController.m */; };
		B07272311A5B8F1E0094E809 /* CustomTabBarController.m in Sources */ = {isa = PBXBuildFile; fileRef = B07272301A5B8F1E0094E809 /* CustomTabBarController.m */; };
		B07272341A5B957C0094E809 /* UserRegistrationViewController.m in Sources */ = {isa = PBXBuildFile; fileRef = B07272331A5B957C0094E809 /* UserRegistrationViewController.m */; };
		B07272371A5BA0430094E809 /* molly.png in Resources */ = {isa = PBXBuildFile; fileRef = B07272361A5BA0430094E809 /* molly.png */; };
		B072723A1A5BA09C0094E809 /* MenuViewController.m in Sources */ = {isa = PBXBuildFile; fileRef = B07272391A5BA09C0094E809 /* MenuViewController.m */; };
		B072723E1A5BA2280094E809 /* medalla.png in Resources */ = {isa = PBXBuildFile; fileRef = B072723D1A5BA2280094E809 /* medalla.png */; };
		B07272401A5BA2B00094E809 /* settings.png in Resources */ = {isa = PBXBuildFile; fileRef = B072723F1A5BA2B00094E809 /* settings.png */; };
		B07272421A5BA34D0094E809 /* likes.png in Resources */ = {isa = PBXBuildFile; fileRef = B07272411A5BA34D0094E809 /* likes.png */; };
		B07272441A5BA7F40094E809 /* bluetooth.png in Resources */ = {isa = PBXBuildFile; fileRef = B07272431A5BA7F40094E809 /* bluetooth.png */; };
		B07272461A5BAB010094E809 /* menu.png in Resources */ = {isa = PBXBuildFile; fileRef = B07272451A5BAB010094E809 /* menu.png */; };
		B07272491A5BAB850094E809 /* TiendasViewController.m in Sources */ = {isa = PBXBuildFile; fileRef = B07272481A5BAB850094E809 /* TiendasViewController.m */; };
		B072724D1A5BB1C70094E809 /* TiendaCell.m in Sources */ = {isa = PBXBuildFile; fileRef = B072724B1A5BB1C70094E809 /* TiendaCell.m */; };
		B07272501A5BB2BF0094E809 /* image.png in Resources */ = {isa = PBXBuildFile; fileRef = B072724F1A5BB2BF0094E809 /* image.png */; };
		B07272521A5BB4830094E809 /* logo1.png in Resources */ = {isa = PBXBuildFile; fileRef = B07272511A5BB4830094E809 /* logo1.png */; };
		B0B84F2C1ADDFEAB00B3FDB6 /* Social.framework in Frameworks */ = {isa = PBXBuildFile; fileRef = B0B84F2B1ADDFEAB00B3FDB6 /* Social.framework */; };
		B0B84F2E1ADDFEB100B3FDB6 /* Accounts.framework in Frameworks */ = {isa = PBXBuildFile; fileRef = B0B84F2D1ADDFEB100B3FDB6 /* Accounts.framework */; };
		B0CB4D001A9E0D7200E6577E /* estrella.png in Resources */ = {isa = PBXBuildFile; fileRef = B0CB4CFE1A9E0D7200E6577E /* estrella.png */; };
		B0CB4D011A9E0D7200E6577E /* estrellaAmarilla.png in Resources */ = {isa = PBXBuildFile; fileRef = B0CB4CFF1A9E0D7200E6577E /* estrellaAmarilla.png */; };
		B0D1A6411A9ED1380082F489 /* UserSettingsViewController.m in Sources */ = {isa = PBXBuildFile; fileRef = B0D1A6401A9ED1380082F489 /* UserSettingsViewController.m */; };
		B0D3B1891A9D41CF008571C0 /* DetailsTableViewCell.xib in Resources */ = {isa = PBXBuildFile; fileRef = B0D3B1881A9D41CF008571C0 /* DetailsTableViewCell.xib */; };
		B0D3B18B1A9D41D9008571C0 /* DetalleProductoCollectionViewCell.xib in Resources */ = {isa = PBXBuildFile; fileRef = B0D3B18A1A9D41D9008571C0 /* DetalleProductoCollectionViewCell.xib */; };
		B0D3B18E1A9D4480008571C0 /* DetalleProductoCollectionViewCell.m in Sources */ = {isa = PBXBuildFile; fileRef = B0D3B18D1A9D4480008571C0 /* DetalleProductoCollectionViewCell.m */; };
		B0D3B1911A9D4517008571C0 /* ProductosViewController.m in Sources */ = {isa = PBXBuildFile; fileRef = B0D3B1901A9D4517008571C0 /* ProductosViewController.m */; };
/* End PBXBuildFile section */

/* Begin PBXContainerItemProxy section */
		B06659691A5AFE7300F00BF8 /* PBXContainerItemProxy */ = {
			isa = PBXContainerItemProxy;
			containerPortal = B06659471A5AFE7300F00BF8 /* Project object */;
			proxyType = 1;
			remoteGlobalIDString = B066594E1A5AFE7300F00BF8;
			remoteInfo = Kangu;
		};
/* End PBXContainerItemProxy section */

/* Begin PBXFileReference section */
		0FD65F57D82745585D5EFB27 /* libPods.a */ = {isa = PBXFileReference; explicitFileType = archive.ar; includeInIndex = 0; path = libPods.a; sourceTree = BUILT_PRODUCTS_DIR; };
		8F0E0007AF5DD7A3F61F2313 /* Pods.release.xcconfig */ = {isa = PBXFileReference; includeInIndex = 1; lastKnownFileType = text.xcconfig; name = Pods.release.xcconfig; path = "Pods/Target Support Files/Pods/Pods.release.xcconfig"; sourceTree = "<group>"; };
		9A6F623698FF8D9E489F5E75 /* Pods.debug.xcconfig */ = {isa = PBXFileReference; includeInIndex = 1; lastKnownFileType = text.xcconfig; name = Pods.debug.xcconfig; path = "Pods/Target Support Files/Pods/Pods.debug.xcconfig"; sourceTree = "<group>"; };
		B03D1FC21AFF0F4900C72077 /* Initial.storyboard */ = {isa = PBXFileReference; fileEncoding = 4; lastKnownFileType = file.storyboard; path = Initial.storyboard; sourceTree = "<group>"; };
		B03D1FC41AFF374100C72077 /* User.storyboard */ = {isa = PBXFileReference; fileEncoding = 4; lastKnownFileType = file.storyboard; path = User.storyboard; sourceTree = "<group>"; };
		B03D1FC61B01B9A000C72077 /* SucursalesViewController.h */ = {isa = PBXFileReference; fileEncoding = 4; lastKnownFileType = sourcecode.c.h; path = SucursalesViewController.h; sourceTree = "<group>"; };
		B03D1FC71B01B9A000C72077 /* SucursalesViewController.m */ = {isa = PBXFileReference; fileEncoding = 4; lastKnownFileType = sourcecode.c.objc; path = SucursalesViewController.m; sourceTree = "<group>"; };
		B03D1FC91B01BE6E00C72077 /* TiendaViewController.h */ = {isa = PBXFileReference; fileEncoding = 4; lastKnownFileType = sourcecode.c.h; path = TiendaViewController.h; sourceTree = "<group>"; };
		B03D1FCA1B01BE6E00C72077 /* TiendaViewController.m */ = {isa = PBXFileReference; fileEncoding = 4; lastKnownFileType = sourcecode.c.objc; path = TiendaViewController.m; sourceTree = "<group>"; };
		B03D1FCC1B01BF2600C72077 /* OfferViewController.h */ = {isa = PBXFileReference; fileEncoding = 4; lastKnownFileType = sourcecode.c.h; path = OfferViewController.h; sourceTree = "<group>"; };
		B03D1FCD1B01BF2600C72077 /* OfferViewController.m */ = {isa = PBXFileReference; fileEncoding = 4; lastKnownFileType = sourcecode.c.objc; path = OfferViewController.m; sourceTree = "<group>"; };
		B05EF7851ACBA4FB0040C352 /* Parse.framework */ = {isa = PBXFileReference; lastKnownFileType = wrapper.framework; path = Parse.framework; sourceTree = "<group>"; };
		B05EF7871ACBA52F0040C352 /* libsqlite3.dylib */ = {isa = PBXFileReference; lastKnownFileType = "compiled.mach-o.dylib"; name = libsqlite3.dylib; path = usr/lib/libsqlite3.dylib; sourceTree = SDKROOT; };
		B05EF7891ACBA5380040C352 /* libz.dylib */ = {isa = PBXFileReference; lastKnownFileType = "compiled.mach-o.dylib"; name = libz.dylib; path = usr/lib/libz.dylib; sourceTree = SDKROOT; };
		B05EF78B1ACBA5430040C352 /* SystemConfiguration.framework */ = {isa = PBXFileReference; lastKnownFileType = wrapper.framework; name = SystemConfiguration.framework; path = System/Library/Frameworks/SystemConfiguration.framework; sourceTree = SDKROOT; };
		B05EF78D1ACBA54C0040C352 /* StoreKit.framework */ = {isa = PBXFileReference; lastKnownFileType = wrapper.framework; name = StoreKit.framework; path = System/Library/Frameworks/StoreKit.framework; sourceTree = SDKROOT; };
		B05EF78F1ACBA5790040C352 /* Security.framework */ = {isa = PBXFileReference; lastKnownFileType = wrapper.framework; name = Security.framework; path = System/Library/Frameworks/Security.framework; sourceTree = SDKROOT; };
		B05EF7911ACBA5840040C352 /* QuartzCore.framework */ = {isa = PBXFileReference; lastKnownFileType = wrapper.framework; name = QuartzCore.framework; path = System/Library/Frameworks/QuartzCore.framework; sourceTree = SDKROOT; };
		B05EF7931ACBA58D0040C352 /* MobileCoreServices.framework */ = {isa = PBXFileReference; lastKnownFileType = wrapper.framework; name = MobileCoreServices.framework; path = System/Library/Frameworks/MobileCoreServices.framework; sourceTree = SDKROOT; };
		B05EF7951ACBA5940040C352 /* CoreLocation.framework */ = {isa = PBXFileReference; lastKnownFileType = wrapper.framework; name = CoreLocation.framework; path = System/Library/Frameworks/CoreLocation.framework; sourceTree = SDKROOT; };
		B05EF7971ACBA59F0040C352 /* CoreGraphics.framework */ = {isa = PBXFileReference; lastKnownFileType = wrapper.framework; name = CoreGraphics.framework; path = System/Library/Frameworks/CoreGraphics.framework; sourceTree = SDKROOT; };
		B05EF7991ACBA5A80040C352 /* CFNetwork.framework */ = {isa = PBXFileReference; lastKnownFileType = wrapper.framework; name = CFNetwork.framework; path = System/Library/Frameworks/CFNetwork.framework; sourceTree = SDKROOT; };
		B05EF79B1ACBA5B10040C352 /* AudioToolbox.framework */ = {isa = PBXFileReference; lastKnownFileType = wrapper.framework; name = AudioToolbox.framework; path = System/Library/Frameworks/AudioToolbox.framework; sourceTree = SDKROOT; };
		B05EF79D1ACBAEF40040C352 /* FBSDKCoreKit.framework */ = {isa = PBXFileReference; lastKnownFileType = wrapper.framework; path = FBSDKCoreKit.framework; sourceTree = "<group>"; };
		B05EF79F1ACBAF060040C352 /* FBSDKLoginKit.framework */ = {isa = PBXFileReference; lastKnownFileType = wrapper.framework; path = FBSDKLoginKit.framework; sourceTree = "<group>"; };
		B05EF7A11ACBAF200040C352 /* FBSDKShareKit.framework */ = {isa = PBXFileReference; lastKnownFileType = wrapper.framework; path = FBSDKShareKit.framework; sourceTree = "<group>"; };
		B05EF7A31ACBB0FB0040C352 /* ParseFacebookUtils.framework */ = {isa = PBXFileReference; lastKnownFileType = wrapper.framework; path = ParseFacebookUtils.framework; sourceTree = "<group>"; };
		B05EF7A51ACBB1D20040C352 /* FacebookSDK.framework */ = {isa = PBXFileReference; lastKnownFileType = wrapper.framework; path = FacebookSDK.framework; sourceTree = "<group>"; };
		B066594F1A5AFE7300F00BF8 /* Kangu.app */ = {isa = PBXFileReference; explicitFileType = wrapper.application; includeInIndex = 0; path = Kangu.app; sourceTree = BUILT_PRODUCTS_DIR; };
		B06659531A5AFE7300F00BF8 /* Info.plist */ = {isa = PBXFileReference; lastKnownFileType = text.plist.xml; path = Info.plist; sourceTree = "<group>"; };
		B06659541A5AFE7300F00BF8 /* main.m */ = {isa = PBXFileReference; lastKnownFileType = sourcecode.c.objc; path = main.m; sourceTree = "<group>"; };
		B06659561A5AFE7300F00BF8 /* AppDelegate.h */ = {isa = PBXFileReference; lastKnownFileType = sourcecode.c.h; path = AppDelegate.h; sourceTree = "<group>"; };
		B06659571A5AFE7300F00BF8 /* AppDelegate.m */ = {isa = PBXFileReference; lastKnownFileType = sourcecode.c.objc; path = AppDelegate.m; sourceTree = "<group>"; };
		B06659591A5AFE7300F00BF8 /* ViewController.h */ = {isa = PBXFileReference; lastKnownFileType = sourcecode.c.h; path = ViewController.h; sourceTree = "<group>"; };
		B066595A1A5AFE7300F00BF8 /* ViewController.m */ = {isa = PBXFileReference; lastKnownFileType = sourcecode.c.objc; path = ViewController.m; sourceTree = "<group>"; };
		B066595D1A5AFE7300F00BF8 /* Base */ = {isa = PBXFileReference; lastKnownFileType = file.storyboard; name = Base; path = Base.lproj/Main.storyboard; sourceTree = "<group>"; };
		B066595F1A5AFE7300F00BF8 /* Images.xcassets */ = {isa = PBXFileReference; lastKnownFileType = folder.assetcatalog; path = Images.xcassets; sourceTree = "<group>"; };
		B06659621A5AFE7300F00BF8 /* Base */ = {isa = PBXFileReference; lastKnownFileType = file.xib; name = Base; path = Base.lproj/LaunchScreen.xib; sourceTree = "<group>"; };
		B06659681A5AFE7300F00BF8 /* KanguTests.xctest */ = {isa = PBXFileReference; explicitFileType = wrapper.cfbundle; includeInIndex = 0; path = KanguTests.xctest; sourceTree = BUILT_PRODUCTS_DIR; };
		B066596D1A5AFE7300F00BF8 /* Info.plist */ = {isa = PBXFileReference; lastKnownFileType = text.plist.xml; path = Info.plist; sourceTree = "<group>"; };
		B066596E1A5AFE7300F00BF8 /* KanguTests.m */ = {isa = PBXFileReference; lastKnownFileType = sourcecode.c.objc; path = KanguTests.m; sourceTree = "<group>"; };
		B06659781A5AFF2600F00BF8 /* ExternalAccessory.framework */ = {isa = PBXFileReference; lastKnownFileType = wrapper.framework; name = ExternalAccessory.framework; path = System/Library/Frameworks/ExternalAccessory.framework; sourceTree = SDKROOT; };
		B066597A1A5AFF2600F00BF8 /* Kangu.entitlements */ = {isa = PBXFileReference; lastKnownFileType = text.xml; path = Kangu.entitlements; sourceTree = "<group>"; };
		B066597B1A5AFF4800F00BF8 /* PassKit.framework */ = {isa = PBXFileReference; lastKnownFileType = wrapper.framework; name = PassKit.framework; path = System/Library/Frameworks/PassKit.framework; sourceTree = SDKROOT; };
		B072720B1A5B1EE80094E809 /* LandingViewController.h */ = {isa = PBXFileReference; fileEncoding = 4; lastKnownFileType = sourcecode.c.h; path = LandingViewController.h; sourceTree = "<group>"; };
		B072720C1A5B1EE80094E809 /* LandingViewController.m */ = {isa = PBXFileReference; fileEncoding = 4; lastKnownFileType = sourcecode.c.objc; path = LandingViewController.m; sourceTree = "<group>"; };
		B072720E1A5B1EFC0094E809 /* LogInViewController.h */ = {isa = PBXFileReference; fileEncoding = 4; lastKnownFileType = sourcecode.c.h; path = LogInViewController.h; sourceTree = "<group>"; };
		B072720F1A5B1EFC0094E809 /* LogInViewController.m */ = {isa = PBXFileReference; fileEncoding = 4; lastKnownFileType = sourcecode.c.objc; path = LogInViewController.m; sourceTree = "<group>"; };
		B07272111A5B1F1E0094E809 /* SignInViewController.h */ = {isa = PBXFileReference; fileEncoding = 4; lastKnownFileType = sourcecode.c.h; path = SignInViewController.h; sourceTree = "<group>"; };
		B07272121A5B1F1E0094E809 /* SignInViewController.m */ = {isa = PBXFileReference; fileEncoding = 4; lastKnownFileType = sourcecode.c.objc; path = SignInViewController.m; sourceTree = "<group>"; };
		B07272141A5B34ED0094E809 /* background.png */ = {isa = PBXFileReference; lastKnownFileType = image.png; name = background.png; path = ../../images/background.png; sourceTree = "<group>"; };
		B07272151A5B34ED0094E809 /* logo.png */ = {isa = PBXFileReference; lastKnownFileType = image.png; name = logo.png; path = ../../images/logo.png; sourceTree = "<group>"; };
		B07272181A5B37C50094E809 /* OpenSans-Regular.ttf */ = {isa = PBXFileReference; lastKnownFileType = file; path = "OpenSans-Regular.ttf"; sourceTree = "<group>"; };
		B07272191A5B37C50094E809 /* OpenSans-Semibold.ttf */ = {isa = PBXFileReference; lastKnownFileType = file; path = "OpenSans-Semibold.ttf"; sourceTree = "<group>"; };
		B072721A1A5B7CE80094E809 /* KANGU LOGO.jpg */ = {isa = PBXFileReference; lastKnownFileType = image.jpeg; name = "KANGU LOGO.jpg"; path = "../../images/KANGU LOGO.jpg"; sourceTree = "<group>"; };
		B072721E1A5B801B0094E809 /* TutorialViewController.h */ = {isa = PBXFileReference; fileEncoding = 4; lastKnownFileType = sourcecode.c.h; path = TutorialViewController.h; sourceTree = "<group>"; };
		B072721F1A5B801B0094E809 /* TutorialViewController.m */ = {isa = PBXFileReference; fileEncoding = 4; lastKnownFileType = sourcecode.c.objc; path = TutorialViewController.m; sourceTree = "<group>"; };
		B07272211A5B80470094E809 /* PageContentViewController.h */ = {isa = PBXFileReference; fileEncoding = 4; lastKnownFileType = sourcecode.c.h; path = PageContentViewController.h; sourceTree = "<group>"; };
		B07272221A5B80470094E809 /* PageContentViewController.m */ = {isa = PBXFileReference; fileEncoding = 4; lastKnownFileType = sourcecode.c.objc; path = PageContentViewController.m; sourceTree = "<group>"; };
		B07272241A5B828E0094E809 /* Tour1.png */ = {isa = PBXFileReference; lastKnownFileType = image.png; name = Tour1.png; path = ../../images/Tour1.png; sourceTree = "<group>"; };
		B07272251A5B828E0094E809 /* Tour2.png */ = {isa = PBXFileReference; lastKnownFileType = image.png; name = Tour2.png; path = ../../images/Tour2.png; sourceTree = "<group>"; };
		B07272261A5B828E0094E809 /* Tour3.png */ = {isa = PBXFileReference; lastKnownFileType = image.png; name = Tour3.png; path = ../../images/Tour3.png; sourceTree = "<group>"; };
		B072722A1A5B8D260094E809 /* AppFlow.storyboard */ = {isa = PBXFileReference; fileEncoding = 4; lastKnownFileType = file.storyboard; path = AppFlow.storyboard; sourceTree = "<group>"; };
		B072722C1A5B8E4E0094E809 /* SWRevealViewController.h */ = {isa = PBXFileReference; fileEncoding = 4; lastKnownFileType = sourcecode.c.h; name = SWRevealViewController.h; path = SlideOutMenuFiles/SWRevealViewController.h; sourceTree = "<group>"; };
		B072722D1A5B8E4E0094E809 /* SWRevealViewController.m */ = {isa = PBXFileReference; fileEncoding = 4; lastKnownFileType = sourcecode.c.objc; name = SWRevealViewController.m; path = SlideOutMenuFiles/SWRevealViewController.m; sourceTree = "<group>"; };
		B072722F1A5B8F1E0094E809 /* CustomTabBarController.h */ = {isa = PBXFileReference; fileEncoding = 4; lastKnownFileType = sourcecode.c.h; path = CustomTabBarController.h; sourceTree = "<group>"; };
		B07272301A5B8F1E0094E809 /* CustomTabBarController.m */ = {isa = PBXFileReference; fileEncoding = 4; lastKnownFileType = sourcecode.c.objc; path = CustomTabBarController.m; sourceTree = "<group>"; };
		B07272321A5B957C0094E809 /* UserRegistrationViewController.h */ = {isa = PBXFileReference; fileEncoding = 4; lastKnownFileType = sourcecode.c.h; path = UserRegistrationViewController.h; sourceTree = "<group>"; };
		B07272331A5B957C0094E809 /* UserRegistrationViewController.m */ = {isa = PBXFileReference; fileEncoding = 4; lastKnownFileType = sourcecode.c.objc; path = UserRegistrationViewController.m; sourceTree = "<group>"; };
		B07272361A5BA0430094E809 /* molly.png */ = {isa = PBXFileReference; lastKnownFileType = image.png; name = molly.png; path = ../../images/molly.png; sourceTree = "<group>"; };
		B07272381A5BA09C0094E809 /* MenuViewController.h */ = {isa = PBXFileReference; fileEncoding = 4; lastKnownFileType = sourcecode.c.h; path = MenuViewController.h; sourceTree = "<group>"; };
		B07272391A5BA09C0094E809 /* MenuViewController.m */ = {isa = PBXFileReference; fileEncoding = 4; lastKnownFileType = sourcecode.c.objc; path = MenuViewController.m; sourceTree = "<group>"; };
		B072723D1A5BA2280094E809 /* medalla.png */ = {isa = PBXFileReference; lastKnownFileType = image.png; name = medalla.png; path = ../../images/medalla.png; sourceTree = "<group>"; };
		B072723F1A5BA2B00094E809 /* settings.png */ = {isa = PBXFileReference; lastKnownFileType = image.png; name = settings.png; path = ../../images/settings.png; sourceTree = "<group>"; };
		B07272411A5BA34D0094E809 /* likes.png */ = {isa = PBXFileReference; lastKnownFileType = image.png; name = likes.png; path = ../../images/likes.png; sourceTree = "<group>"; };
		B07272431A5BA7F40094E809 /* bluetooth.png */ = {isa = PBXFileReference; lastKnownFileType = image.png; name = bluetooth.png; path = ../../images/bluetooth.png; sourceTree = "<group>"; };
		B07272451A5BAB010094E809 /* menu.png */ = {isa = PBXFileReference; lastKnownFileType = image.png; name = menu.png; path = ../../images/menu.png; sourceTree = "<group>"; };
		B07272471A5BAB850094E809 /* TiendasViewController.h */ = {isa = PBXFileReference; fileEncoding = 4; lastKnownFileType = sourcecode.c.h; path = TiendasViewController.h; sourceTree = "<group>"; };
		B07272481A5BAB850094E809 /* TiendasViewController.m */ = {isa = PBXFileReference; fileEncoding = 4; lastKnownFileType = sourcecode.c.objc; path = TiendasViewController.m; sourceTree = "<group>"; };
		B072724A1A5BB1C70094E809 /* TiendaCell.h */ = {isa = PBXFileReference; fileEncoding = 4; lastKnownFileType = sourcecode.c.h; path = TiendaCell.h; sourceTree = "<group>"; };
		B072724B1A5BB1C70094E809 /* TiendaCell.m */ = {isa = PBXFileReference; fileEncoding = 4; lastKnownFileType = sourcecode.c.objc; path = TiendaCell.m; sourceTree = "<group>"; };
		B072724F1A5BB2BF0094E809 /* image.png */ = {isa = PBXFileReference; lastKnownFileType = image.png; name = image.png; path = ../../images/image.png; sourceTree = "<group>"; };
		B07272511A5BB4830094E809 /* logo1.png */ = {isa = PBXFileReference; lastKnownFileType = image.png; name = logo1.png; path = ../../images/logo1.png; sourceTree = "<group>"; };
		B0B84F2B1ADDFEAB00B3FDB6 /* Social.framework */ = {isa = PBXFileReference; lastKnownFileType = wrapper.framework; name = Social.framework; path = System/Library/Frameworks/Social.framework; sourceTree = SDKROOT; };
		B0B84F2D1ADDFEB100B3FDB6 /* Accounts.framework */ = {isa = PBXFileReference; lastKnownFileType = wrapper.framework; name = Accounts.framework; path = System/Library/Frameworks/Accounts.framework; sourceTree = SDKROOT; };
		B0CB4CFE1A9E0D7200E6577E /* estrella.png */ = {isa = PBXFileReference; lastKnownFileType = image.png; name = estrella.png; path = ../../images/estrella.png; sourceTree = "<group>"; };
		B0CB4CFF1A9E0D7200E6577E /* estrellaAmarilla.png */ = {isa = PBXFileReference; lastKnownFileType = image.png; name = estrellaAmarilla.png; path = ../../images/estrellaAmarilla.png; sourceTree = "<group>"; };
		B0D1A63F1A9ED1380082F489 /* UserSettingsViewController.h */ = {isa = PBXFileReference; fileEncoding = 4; lastKnownFileType = sourcecode.c.h; path = UserSettingsViewController.h; sourceTree = "<group>"; };
		B0D1A6401A9ED1380082F489 /* UserSettingsViewController.m */ = {isa = PBXFileReference; fileEncoding = 4; lastKnownFileType = sourcecode.c.objc; path = UserSettingsViewController.m; sourceTree = "<group>"; };
		B0D3B1881A9D41CF008571C0 /* DetailsTableViewCell.xib */ = {isa = PBXFileReference; fileEncoding = 4; lastKnownFileType = file.xib; path = DetailsTableViewCell.xib; sourceTree = "<group>"; };
		B0D3B18A1A9D41D9008571C0 /* DetalleProductoCollectionViewCell.xib */ = {isa = PBXFileReference; fileEncoding = 4; lastKnownFileType = file.xib; path = DetalleProductoCollectionViewCell.xib; sourceTree = "<group>"; };
		B0D3B18C1A9D4480008571C0 /* DetalleProductoCollectionViewCell.h */ = {isa = PBXFileReference; fileEncoding = 4; lastKnownFileType = sourcecode.c.h; path = DetalleProductoCollectionViewCell.h; sourceTree = "<group>"; };
		B0D3B18D1A9D4480008571C0 /* DetalleProductoCollectionViewCell.m */ = {isa = PBXFileReference; fileEncoding = 4; lastKnownFileType = sourcecode.c.objc; path = DetalleProductoCollectionViewCell.m; sourceTree = "<group>"; };
		B0D3B18F1A9D4517008571C0 /* ProductosViewController.h */ = {isa = PBXFileReference; fileEncoding = 4; lastKnownFileType = sourcecode.c.h; path = ProductosViewController.h; sourceTree = "<group>"; };
		B0D3B1901A9D4517008571C0 /* ProductosViewController.m */ = {isa = PBXFileReference; fileEncoding = 4; lastKnownFileType = sourcecode.c.objc; path = ProductosViewController.m; sourceTree = "<group>"; };
/* End PBXFileReference section */

/* Begin PBXFrameworksBuildPhase section */
		B066594C1A5AFE7300F00BF8 /* Frameworks */ = {
			isa = PBXFrameworksBuildPhase;
			buildActionMask = 2147483647;
			files = (
				B0B84F2E1ADDFEB100B3FDB6 /* Accounts.framework in Frameworks */,
				B0B84F2C1ADDFEAB00B3FDB6 /* Social.framework in Frameworks */,
				B05EF7A01ACBAF060040C352 /* FBSDKLoginKit.framework in Frameworks */,
				B05EF7A61ACBB1D20040C352 /* FacebookSDK.framework in Frameworks */,
				B05EF79C1ACBA5B10040C352 /* AudioToolbox.framework in Frameworks */,
				B05EF79A1ACBA5A80040C352 /* CFNetwork.framework in Frameworks */,
				B05EF7981ACBA59F0040C352 /* CoreGraphics.framework in Frameworks */,
				B05EF7961ACBA5940040C352 /* CoreLocation.framework in Frameworks */,
				B05EF7A41ACBB0FB0040C352 /* ParseFacebookUtils.framework in Frameworks */,
				B05EF7941ACBA58D0040C352 /* MobileCoreServices.framework in Frameworks */,
				B05EF7921ACBA5840040C352 /* QuartzCore.framework in Frameworks */,
				B05EF7901ACBA5790040C352 /* Security.framework in Frameworks */,
				B05EF78E1ACBA54C0040C352 /* StoreKit.framework in Frameworks */,
				B05EF78C1ACBA5430040C352 /* SystemConfiguration.framework in Frameworks */,
				B05EF78A1ACBA5380040C352 /* libz.dylib in Frameworks */,
				B05EF7881ACBA52F0040C352 /* libsqlite3.dylib in Frameworks */,
				B066597C1A5AFF4800F00BF8 /* PassKit.framework in Frameworks */,
				B05EF7A21ACBAF200040C352 /* FBSDKShareKit.framework in Frameworks */,
				B05EF79E1ACBAEF40040C352 /* FBSDKCoreKit.framework in Frameworks */,
				B05EF7861ACBA4FB0040C352 /* Parse.framework in Frameworks */,
				B06659791A5AFF2600F00BF8 /* ExternalAccessory.framework in Frameworks */,
				5380C6F4F510EB4571BEB708 /* libPods.a in Frameworks */,
			);
			runOnlyForDeploymentPostprocessing = 0;
		};
		B06659651A5AFE7300F00BF8 /* Frameworks */ = {
			isa = PBXFrameworksBuildPhase;
			buildActionMask = 2147483647;
			files = (
			);
			runOnlyForDeploymentPostprocessing = 0;
		};
/* End PBXFrameworksBuildPhase section */

/* Begin PBXGroup section */
		B05EF7821ACBA4AB0040C352 /* Frameworks */ = {
			isa = PBXGroup;
			children = (
				B0B84F2D1ADDFEB100B3FDB6 /* Accounts.framework */,
				B0B84F2B1ADDFEAB00B3FDB6 /* Social.framework */,
				B05EF7A51ACBB1D20040C352 /* FacebookSDK.framework */,
				B05EF7A31ACBB0FB0040C352 /* ParseFacebookUtils.framework */,
				B05EF7A11ACBAF200040C352 /* FBSDKShareKit.framework */,
				B05EF79F1ACBAF060040C352 /* FBSDKLoginKit.framework */,
				B05EF79D1ACBAEF40040C352 /* FBSDKCoreKit.framework */,
				B05EF79B1ACBA5B10040C352 /* AudioToolbox.framework */,
				B05EF7991ACBA5A80040C352 /* CFNetwork.framework */,
				B05EF7971ACBA59F0040C352 /* CoreGraphics.framework */,
				B05EF7951ACBA5940040C352 /* CoreLocation.framework */,
				B05EF7931ACBA58D0040C352 /* MobileCoreServices.framework */,
				B05EF7911ACBA5840040C352 /* QuartzCore.framework */,
				B05EF78F1ACBA5790040C352 /* Security.framework */,
				B05EF78D1ACBA54C0040C352 /* StoreKit.framework */,
				B05EF78B1ACBA5430040C352 /* SystemConfiguration.framework */,
				B05EF7891ACBA5380040C352 /* libz.dylib */,
				B05EF7871ACBA52F0040C352 /* libsqlite3.dylib */,
				B05EF7851ACBA4FB0040C352 /* Parse.framework */,
				B066597B1A5AFF4800F00BF8 /* PassKit.framework */,
				B06659781A5AFF2600F00BF8 /* ExternalAccessory.framework */,
				0FD65F57D82745585D5EFB27 /* libPods.a */,
			);
			name = Frameworks;
			sourceTree = "<group>";
		};
		B06659461A5AFE7300F00BF8 = {
			isa = PBXGroup;
			children = (
				B06659511A5AFE7300F00BF8 /* Kangu */,
				B066596B1A5AFE7300F00BF8 /* KanguTests */,
				B06659501A5AFE7300F00BF8 /* Products */,
				B05EF7821ACBA4AB0040C352 /* Frameworks */,
				C0389AC1853701C4947C500E /* Pods */,
			);
			sourceTree = "<group>";
		};
		B06659501A5AFE7300F00BF8 /* Products */ = {
			isa = PBXGroup;
			children = (
				B066594F1A5AFE7300F00BF8 /* Kangu.app */,
				B06659681A5AFE7300F00BF8 /* KanguTests.xctest */,
			);
			name = Products;
			sourceTree = "<group>";
		};
		B06659511A5AFE7300F00BF8 /* Kangu */ = {
			isa = PBXGroup;
			children = (
				B066597A1A5AFF2600F00BF8 /* Kangu.entitlements */,
				B06659561A5AFE7300F00BF8 /* AppDelegate.h */,
				B06659571A5AFE7300F00BF8 /* AppDelegate.m */,
				B072722C1A5B8E4E0094E809 /* SWRevealViewController.h */,
				B072722D1A5B8E4E0094E809 /* SWRevealViewController.m */,
				B07272351A5B9AED0094E809 /* Registro o inicio sesion */,
				B072722F1A5B8F1E0094E809 /* CustomTabBarController.h */,
				B07272301A5B8F1E0094E809 /* CustomTabBarController.m */,
				B07272381A5BA09C0094E809 /* MenuViewController.h */,
				B07272391A5BA09C0094E809 /* MenuViewController.m */,
				B07272471A5BAB850094E809 /* TiendasViewController.h */,
				B07272481A5BAB850094E809 /* TiendasViewController.m */,
				B0D3B18F1A9D4517008571C0 /* ProductosViewController.h */,
				B0D3B1901A9D4517008571C0 /* ProductosViewController.m */,
				B0D1A63F1A9ED1380082F489 /* UserSettingsViewController.h */,
				B0D1A6401A9ED1380082F489 /* UserSettingsViewController.m */,
				B03D1FC61B01B9A000C72077 /* SucursalesViewController.h */,
				B03D1FC71B01B9A000C72077 /* SucursalesViewController.m */,
				B03D1FC91B01BE6E00C72077 /* TiendaViewController.h */,
				B03D1FCA1B01BE6E00C72077 /* TiendaViewController.m */,
				B03D1FCC1B01BF2600C72077 /* OfferViewController.h */,
				B03D1FCD1B01BF2600C72077 /* OfferViewController.m */,
				B06659591A5AFE7300F00BF8 /* ViewController.h */,
				B066595A1A5AFE7300F00BF8 /* ViewController.m */,
				B072724A1A5BB1C70094E809 /* TiendaCell.h */,
				B072724B1A5BB1C70094E809 /* TiendaCell.m */,
				B0D3B18A1A9D41D9008571C0 /* DetalleProductoCollectionViewCell.xib */,
				B0D3B18C1A9D4480008571C0 /* DetalleProductoCollectionViewCell.h */,
				B0D3B18D1A9D4480008571C0 /* DetalleProductoCollectionViewCell.m */,
				B0D3B1881A9D41CF008571C0 /* DetailsTableViewCell.xib */,
				B072722A1A5B8D260094E809 /* AppFlow.storyboard */,
				B03D1FC41AFF374100C72077 /* User.storyboard */,
				B066595F1A5AFE7300F00BF8 /* Images.xcassets */,
				B06659611A5AFE7300F00BF8 /* LaunchScreen.xib */,
				B06659521A5AFE7300F00BF8 /* Supporting Files */,
			);
			path = Kangu;
			sourceTree = "<group>";
		};
		B06659521A5AFE7300F00BF8 /* Supporting Files */ = {
			isa = PBXGroup;
			children = (
				B07272181A5B37C50094E809 /* OpenSans-Regular.ttf */,
				B07272191A5B37C50094E809 /* OpenSans-Semibold.ttf */,
				B07272431A5BA7F40094E809 /* bluetooth.png */,
				B0CB4CFE1A9E0D7200E6577E /* estrella.png */,
				B0CB4CFF1A9E0D7200E6577E /* estrellaAmarilla.png */,
				B072724F1A5BB2BF0094E809 /* image.png */,
				B07272241A5B828E0094E809 /* Tour1.png */,
				B07272251A5B828E0094E809 /* Tour2.png */,
				B07272261A5B828E0094E809 /* Tour3.png */,
				B07272361A5BA0430094E809 /* molly.png */,
				B07272451A5BAB010094E809 /* menu.png */,
				B07272511A5BB4830094E809 /* logo1.png */,
				B07272411A5BA34D0094E809 /* likes.png */,
				B072723F1A5BA2B00094E809 /* settings.png */,
				B072723D1A5BA2280094E809 /* medalla.png */,
				B07272141A5B34ED0094E809 /* background.png */,
				B072721A1A5B7CE80094E809 /* KANGU LOGO.jpg */,
				B07272151A5B34ED0094E809 /* logo.png */,
				B06659531A5AFE7300F00BF8 /* Info.plist */,
				B06659541A5AFE7300F00BF8 /* main.m */,
			);
			name = "Supporting Files";
			sourceTree = "<group>";
		};
		B066596B1A5AFE7300F00BF8 /* KanguTests */ = {
			isa = PBXGroup;
			children = (
				B066596E1A5AFE7300F00BF8 /* KanguTests.m */,
				B066596C1A5AFE7300F00BF8 /* Supporting Files */,
			);
			path = KanguTests;
			sourceTree = "<group>";
		};
		B066596C1A5AFE7300F00BF8 /* Supporting Files */ = {
			isa = PBXGroup;
			children = (
				B066596D1A5AFE7300F00BF8 /* Info.plist */,
			);
			name = "Supporting Files";
			sourceTree = "<group>";
		};
		B07272351A5B9AED0094E809 /* Registro o inicio sesion */ = {
			isa = PBXGroup;
			children = (
				B066595C1A5AFE7300F00BF8 /* Main.storyboard */,
				B03D1FC21AFF0F4900C72077 /* Initial.storyboard */,
				B072720B1A5B1EE80094E809 /* LandingViewController.h */,
				B072720C1A5B1EE80094E809 /* LandingViewController.m */,
				B072720E1A5B1EFC0094E809 /* LogInViewController.h */,
				B072720F1A5B1EFC0094E809 /* LogInViewController.m */,
				B07272111A5B1F1E0094E809 /* SignInViewController.h */,
				B07272121A5B1F1E0094E809 /* SignInViewController.m */,
				B07272321A5B957C0094E809 /* UserRegistrationViewController.h */,
				B07272331A5B957C0094E809 /* UserRegistrationViewController.m */,
				B072721E1A5B801B0094E809 /* TutorialViewController.h */,
				B072721F1A5B801B0094E809 /* TutorialViewController.m */,
				B07272211A5B80470094E809 /* PageContentViewController.h */,
				B07272221A5B80470094E809 /* PageContentViewController.m */,
			);
			name = "Registro o inicio sesion";
			sourceTree = "<group>";
		};
		C0389AC1853701C4947C500E /* Pods */ = {
			isa = PBXGroup;
			children = (
				9A6F623698FF8D9E489F5E75 /* Pods.debug.xcconfig */,
				8F0E0007AF5DD7A3F61F2313 /* Pods.release.xcconfig */,
			);
			name = Pods;
			sourceTree = "<group>";
		};
/* End PBXGroup section */

/* Begin PBXNativeTarget section */
		B066594E1A5AFE7300F00BF8 /* Kangu */ = {
			isa = PBXNativeTarget;
			buildConfigurationList = B06659721A5AFE7300F00BF8 /* Build configuration list for PBXNativeTarget "Kangu" */;
			buildPhases = (
				90BA56DEE2856FAC88FD6628 /* Check Pods Manifest.lock */,
				B066594B1A5AFE7300F00BF8 /* Sources */,
				B066594C1A5AFE7300F00BF8 /* Frameworks */,
				B066594D1A5AFE7300F00BF8 /* Resources */,
				1EE15066D376767E383ADCDC /* Copy Pods Resources */,
			);
			buildRules = (
			);
			dependencies = (
			);
			name = Kangu;
			productName = Kangu;
			productReference = B066594F1A5AFE7300F00BF8 /* Kangu.app */;
			productType = "com.apple.product-type.application";
		};
		B06659671A5AFE7300F00BF8 /* KanguTests */ = {
			isa = PBXNativeTarget;
			buildConfigurationList = B06659751A5AFE7300F00BF8 /* Build configuration list for PBXNativeTarget "KanguTests" */;
			buildPhases = (
				B06659641A5AFE7300F00BF8 /* Sources */,
				B06659651A5AFE7300F00BF8 /* Frameworks */,
				B06659661A5AFE7300F00BF8 /* Resources */,
			);
			buildRules = (
			);
			dependencies = (
				B066596A1A5AFE7300F00BF8 /* PBXTargetDependency */,
			);
			name = KanguTests;
			productName = KanguTests;
			productReference = B06659681A5AFE7300F00BF8 /* KanguTests.xctest */;
			productType = "com.apple.product-type.bundle.unit-test";
		};
/* End PBXNativeTarget section */

/* Begin PBXProject section */
		B06659471A5AFE7300F00BF8 /* Project object */ = {
			isa = PBXProject;
			attributes = {
				LastUpgradeCheck = 0610;
				ORGANIZATIONNAME = Proximity2U;
				TargetAttributes = {
					B066594E1A5AFE7300F00BF8 = {
						CreatedOnToolsVersion = 6.1.1;
						DevelopmentTeam = C79M39U36T;
						SystemCapabilities = {
							com.apple.BackgroundModes = {
								enabled = 1;
							};
							com.apple.Passbook = {
								enabled = 1;
							};
							com.apple.WAC = {
								enabled = 1;
							};
						};
					};
					B06659671A5AFE7300F00BF8 = {
						CreatedOnToolsVersion = 6.1.1;
						TestTargetID = B066594E1A5AFE7300F00BF8;
					};
				};
			};
			buildConfigurationList = B066594A1A5AFE7300F00BF8 /* Build configuration list for PBXProject "Kangu" */;
			compatibilityVersion = "Xcode 3.2";
			developmentRegion = English;
			hasScannedForEncodings = 0;
			knownRegions = (
				en,
				Base,
			);
			mainGroup = B06659461A5AFE7300F00BF8;
			productRefGroup = B06659501A5AFE7300F00BF8 /* Products */;
			projectDirPath = "";
			projectRoot = "";
			targets = (
				B066594E1A5AFE7300F00BF8 /* Kangu */,
				B06659671A5AFE7300F00BF8 /* KanguTests */,
			);
		};
/* End PBXProject section */

/* Begin PBXResourcesBuildPhase section */
		B066594D1A5AFE7300F00BF8 /* Resources */ = {
			isa = PBXResourcesBuildPhase;
			buildActionMask = 2147483647;
			files = (
				B07272461A5BAB010094E809 /* menu.png in Resources */,
				B07272281A5B828E0094E809 /* Tour2.png in Resources */,
				B07272271A5B828E0094E809 /* Tour1.png in Resources */,
				B03D1FC31AFF0F4900C72077 /* Initial.storyboard in Resources */,
				B07272421A5BA34D0094E809 /* likes.png in Resources */,
				B07272441A5BA7F40094E809 /* bluetooth.png in Resources */,
				B03D1FC51AFF374100C72077 /* User.storyboard in Resources */,
				B072721B1A5B7CE80094E809 /* KANGU LOGO.jpg in Resources */,
				B07272521A5BB4830094E809 /* logo1.png in Resources */,
				B066595E1A5AFE7300F00BF8 /* Main.storyboard in Resources */,
				B072722B1A5B8D260094E809 /* AppFlow.storyboard in Resources */,
				B072723E1A5BA2280094E809 /* medalla.png in Resources */,
				B0D3B1891A9D41CF008571C0 /* DetailsTableViewCell.xib in Resources */,
				B07272371A5BA0430094E809 /* molly.png in Resources */,
				B07272401A5BA2B00094E809 /* settings.png in Resources */,
				B0D3B18B1A9D41D9008571C0 /* DetalleProductoCollectionViewCell.xib in Resources */,
				B07272171A5B34ED0094E809 /* logo.png in Resources */,
				B07272161A5B34ED0094E809 /* background.png in Resources */,
				B07272291A5B828E0094E809 /* Tour3.png in Resources */,
				B0CB4D011A9E0D7200E6577E /* estrellaAmarilla.png in Resources */,
				B06659631A5AFE7300F00BF8 /* LaunchScreen.xib in Resources */,
				B0CB4D001A9E0D7200E6577E /* estrella.png in Resources */,
				B06659601A5AFE7300F00BF8 /* Images.xcassets in Resources */,
				B07272501A5BB2BF0094E809 /* image.png in Resources */,
			);
			runOnlyForDeploymentPostprocessing = 0;
		};
		B06659661A5AFE7300F00BF8 /* Resources */ = {
			isa = PBXResourcesBuildPhase;
			buildActionMask = 2147483647;
			files = (
			);
			runOnlyForDeploymentPostprocessing = 0;
		};
/* End PBXResourcesBuildPhase section */

/* Begin PBXShellScriptBuildPhase section */
		1EE15066D376767E383ADCDC /* Copy Pods Resources */ = {
			isa = PBXShellScriptBuildPhase;
			buildActionMask = 8;
			files = (
			);
			inputPaths = (
			);
			name = "Copy Pods Resources";
			outputPaths = (
			);
			runOnlyForDeploymentPostprocessing = 1;
			shellPath = /bin/sh;
			shellScript = "\"${SRCROOT}/Pods/Target Support Files/Pods/Pods-resources.sh\"\n";
			showEnvVarsInLog = 0;
		};
		90BA56DEE2856FAC88FD6628 /* Check Pods Manifest.lock */ = {
			isa = PBXShellScriptBuildPhase;
			buildActionMask = 2147483647;
			files = (
			);
			inputPaths = (
			);
			name = "Check Pods Manifest.lock";
			outputPaths = (
			);
			runOnlyForDeploymentPostprocessing = 0;
			shellPath = /bin/sh;
			shellScript = "diff \"${PODS_ROOT}/../Podfile.lock\" \"${PODS_ROOT}/Manifest.lock\" > /dev/null\nif [[ $? != 0 ]] ; then\n    cat << EOM\nerror: The sandbox is not in sync with the Podfile.lock. Run 'pod install' or update your CocoaPods installation.\nEOM\n    exit 1\nfi\n";
			showEnvVarsInLog = 0;
		};
/* End PBXShellScriptBuildPhase section */

/* Begin PBXSourcesBuildPhase section */
		B066594B1A5AFE7300F00BF8 /* Sources */ = {
			isa = PBXSourcesBuildPhase;
			buildActionMask = 2147483647;
			files = (
				B07272201A5B801B0094E809 /* TutorialViewController.m in Sources */,
				B066595B1A5AFE7300F00BF8 /* ViewController.m in Sources */,
				B06659581A5AFE7300F00BF8 /* AppDelegate.m in Sources */,
				B0D1A6411A9ED1380082F489 /* UserSettingsViewController.m in Sources */,
				B07272101A5B1EFC0094E809 /* LogInViewController.m in Sources */,
				B03D1FCE1B01BF2600C72077 /* OfferViewController.m in Sources */,
				B072724D1A5BB1C70094E809 /* TiendaCell.m in Sources */,
				B072720D1A5B1EE80094E809 /* LandingViewController.m in Sources */,
				B0D3B1911A9D4517008571C0 /* ProductosViewController.m in Sources */,
				B07272491A5BAB850094E809 /* TiendasViewController.m in Sources */,
				B072722E1A5B8E4E0094E809 /* SWRevealViewController.m in Sources */,
				B03D1FCB1B01BE6E00C72077 /* TiendaViewController.m in Sources */,
				B07272231A5B80470094E809 /* PageContentViewController.m in Sources */,
				B072723A1A5BA09C0094E809 /* MenuViewController.m in Sources */,
				B03D1FC81B01B9A000C72077 /* SucursalesViewController.m in Sources */,
				B0D3B18E1A9D4480008571C0 /* DetalleProductoCollectionViewCell.m in Sources */,
				B07272131A5B1F1E0094E809 /* SignInViewController.m in Sources */,
				B07272311A5B8F1E0094E809 /* CustomTabBarController.m in Sources */,
				B06659551A5AFE7300F00BF8 /* main.m in Sources */,
				B07272341A5B957C0094E809 /* UserRegistrationViewController.m in Sources */,
			);
			runOnlyForDeploymentPostprocessing = 0;
		};
		B06659641A5AFE7300F00BF8 /* Sources */ = {
			isa = PBXSourcesBuildPhase;
			buildActionMask = 2147483647;
			files = (
				B066596F1A5AFE7300F00BF8 /* KanguTests.m in Sources */,
			);
			runOnlyForDeploymentPostprocessing = 0;
		};
/* End PBXSourcesBuildPhase section */

/* Begin PBXTargetDependency section */
		B066596A1A5AFE7300F00BF8 /* PBXTargetDependency */ = {
			isa = PBXTargetDependency;
			target = B066594E1A5AFE7300F00BF8 /* Kangu */;
			targetProxy = B06659691A5AFE7300F00BF8 /* PBXContainerItemProxy */;
		};
/* End PBXTargetDependency section */

/* Begin PBXVariantGroup section */
		B066595C1A5AFE7300F00BF8 /* Main.storyboard */ = {
			isa = PBXVariantGroup;
			children = (
				B066595D1A5AFE7300F00BF8 /* Base */,
			);
			name = Main.storyboard;
			sourceTree = "<group>";
		};
		B06659611A5AFE7300F00BF8 /* LaunchScreen.xib */ = {
			isa = PBXVariantGroup;
			children = (
				B06659621A5AFE7300F00BF8 /* Base */,
			);
			name = LaunchScreen.xib;
			sourceTree = "<group>";
		};
/* End PBXVariantGroup section */

/* Begin XCBuildConfiguration section */
		B06659701A5AFE7300F00BF8 /* Debug */ = {
			isa = XCBuildConfiguration;
			buildSettings = {
				ALWAYS_SEARCH_USER_PATHS = NO;
				CLANG_CXX_LANGUAGE_STANDARD = "gnu++0x";
				CLANG_CXX_LIBRARY = "libc++";
				CLANG_ENABLE_MODULES = YES;
				CLANG_ENABLE_OBJC_ARC = YES;
				CLANG_WARN_BOOL_CONVERSION = YES;
				CLANG_WARN_CONSTANT_CONVERSION = YES;
				CLANG_WARN_DIRECT_OBJC_ISA_USAGE = YES_ERROR;
				CLANG_WARN_EMPTY_BODY = YES;
				CLANG_WARN_ENUM_CONVERSION = YES;
				CLANG_WARN_INT_CONVERSION = YES;
				CLANG_WARN_OBJC_ROOT_CLASS = YES_ERROR;
				CLANG_WARN_UNREACHABLE_CODE = YES;
				CLANG_WARN__DUPLICATE_METHOD_MATCH = YES;
				"CODE_SIGN_IDENTITY[sdk=iphoneos*]" = "iPhone Developer";
				COPY_PHASE_STRIP = NO;
				ENABLE_STRICT_OBJC_MSGSEND = YES;
				GCC_C_LANGUAGE_STANDARD = gnu99;
				GCC_DYNAMIC_NO_PIC = NO;
				GCC_OPTIMIZATION_LEVEL = 0;
				GCC_PREPROCESSOR_DEFINITIONS = (
					"DEBUG=1",
					"$(inherited)",
				);
				GCC_SYMBOLS_PRIVATE_EXTERN = NO;
				GCC_WARN_64_TO_32_BIT_CONVERSION = YES;
				GCC_WARN_ABOUT_RETURN_TYPE = YES_ERROR;
				GCC_WARN_UNDECLARED_SELECTOR = YES;
				GCC_WARN_UNINITIALIZED_AUTOS = YES_AGGRESSIVE;
				GCC_WARN_UNUSED_FUNCTION = YES;
				GCC_WARN_UNUSED_VARIABLE = YES;
				IPHONEOS_DEPLOYMENT_TARGET = 8.1;
				MTL_ENABLE_DEBUG_INFO = YES;
				ONLY_ACTIVE_ARCH = YES;
				SDKROOT = iphoneos;
			};
			name = Debug;
		};
		B06659711A5AFE7300F00BF8 /* Release */ = {
			isa = XCBuildConfiguration;
			buildSettings = {
				ALWAYS_SEARCH_USER_PATHS = NO;
				CLANG_CXX_LANGUAGE_STANDARD = "gnu++0x";
				CLANG_CXX_LIBRARY = "libc++";
				CLANG_ENABLE_MODULES = YES;
				CLANG_ENABLE_OBJC_ARC = YES;
				CLANG_WARN_BOOL_CONVERSION = YES;
				CLANG_WARN_CONSTANT_CONVERSION = YES;
				CLANG_WARN_DIRECT_OBJC_ISA_USAGE = YES_ERROR;
				CLANG_WARN_EMPTY_BODY = YES;
				CLANG_WARN_ENUM_CONVERSION = YES;
				CLANG_WARN_INT_CONVERSION = YES;
				CLANG_WARN_OBJC_ROOT_CLASS = YES_ERROR;
				CLANG_WARN_UNREACHABLE_CODE = YES;
				CLANG_WARN__DUPLICATE_METHOD_MATCH = YES;
				"CODE_SIGN_IDENTITY[sdk=iphoneos*]" = "iPhone Developer";
				COPY_PHASE_STRIP = YES;
				ENABLE_NS_ASSERTIONS = NO;
				ENABLE_STRICT_OBJC_MSGSEND = YES;
				GCC_C_LANGUAGE_STANDARD = gnu99;
				GCC_WARN_64_TO_32_BIT_CONVERSION = YES;
				GCC_WARN_ABOUT_RETURN_TYPE = YES_ERROR;
				GCC_WARN_UNDECLARED_SELECTOR = YES;
				GCC_WARN_UNINITIALIZED_AUTOS = YES_AGGRESSIVE;
				GCC_WARN_UNUSED_FUNCTION = YES;
				GCC_WARN_UNUSED_VARIABLE = YES;
				IPHONEOS_DEPLOYMENT_TARGET = 8.1;
				MTL_ENABLE_DEBUG_INFO = NO;
				SDKROOT = iphoneos;
				VALIDATE_PRODUCT = YES;
			};
			name = Release;
		};
		B06659731A5AFE7300F00BF8 /* Debug */ = {
			isa = XCBuildConfiguration;
			baseConfigurationReference = 9A6F623698FF8D9E489F5E75 /* Pods.debug.xcconfig */;
			buildSettings = {
				ASSETCATALOG_COMPILER_APPICON_NAME = AppIcon;
				CLANG_ENABLE_MODULES = YES;
				CODE_SIGN_ENTITLEMENTS = Kangu/Kangu.entitlements;
				CODE_SIGN_IDENTITY = "iPhone Developer";
				"CODE_SIGN_IDENTITY[sdk=iphoneos*]" = "iPhone Developer";
				FRAMEWORK_SEARCH_PATHS = (
					"$(inherited)",
					"$(PROJECT_DIR)",
				);
				INFOPLIST_FILE = Kangu/Info.plist;
				LD_RUNPATH_SEARCH_PATHS = "$(inherited) @executable_path/Frameworks";
				LIBRARY_SEARCH_PATHS = "$(inherited)";
				OTHER_LDFLAGS = "$(inherited)";
				PRODUCT_NAME = "$(TARGET_NAME)";
				PROVISIONING_PROFILE = "";
				VALID_ARCHS = "arm64 armv7 armv7s";
			};
			name = Debug;
		};
		B06659741A5AFE7300F00BF8 /* Release */ = {
			isa = XCBuildConfiguration;
			baseConfigurationReference = 8F0E0007AF5DD7A3F61F2313 /* Pods.release.xcconfig */;
			buildSettings = {
				ASSETCATALOG_COMPILER_APPICON_NAME = AppIcon;
				CLANG_ENABLE_MODULES = YES;
				CODE_SIGN_ENTITLEMENTS = Kangu/Kangu.entitlements;
				CODE_SIGN_IDENTITY = "iPhone Developer";
				"CODE_SIGN_IDENTITY[sdk=iphoneos*]" = "iPhone Developer";
				FRAMEWORK_SEARCH_PATHS = (
					"$(inherited)",
					"$(PROJECT_DIR)",
				);
				INFOPLIST_FILE = Kangu/Info.plist;
				LD_RUNPATH_SEARCH_PATHS = "$(inherited) @executable_path/Frameworks";
				LIBRARY_SEARCH_PATHS = "$(inherited)";
				ONLY_ACTIVE_ARCH = YES;
				OTHER_LDFLAGS = "$(inherited)";
				PRODUCT_NAME = "$(TARGET_NAME)";
				PROVISIONING_PROFILE = "";
				VALID_ARCHS = "arm64 armv7 armv7s";
			};
			name = Release;
		};
		B06659761A5AFE7300F00BF8 /* Debug */ = {
			isa = XCBuildConfiguration;
			buildSettings = {
				BUNDLE_LOADER = "$(TEST_HOST)";
				FRAMEWORK_SEARCH_PATHS = (
					"$(SDKROOT)/Developer/Library/Frameworks",
					"$(inherited)",
				);
				GCC_PREPROCESSOR_DEFINITIONS = (
					"DEBUG=1",
					"$(inherited)",
				);
				INFOPLIST_FILE = KanguTests/Info.plist;
				LD_RUNPATH_SEARCH_PATHS = "$(inherited) @executable_path/Frameworks @loader_path/Frameworks";
				PRODUCT_NAME = "$(TARGET_NAME)";
				TEST_HOST = "$(BUILT_PRODUCTS_DIR)/Kangu.app/Kangu";
			};
			name = Debug;
		};
		B06659771A5AFE7300F00BF8 /* Release */ = {
			isa = XCBuildConfiguration;
			buildSettings = {
				BUNDLE_LOADER = "$(TEST_HOST)";
				FRAMEWORK_SEARCH_PATHS = (
					"$(SDKROOT)/Developer/Library/Frameworks",
					"$(inherited)",
				);
				INFOPLIST_FILE = KanguTests/Info.plist;
				LD_RUNPATH_SEARCH_PATHS = "$(inherited) @executable_path/Frameworks @loader_path/Frameworks";
				PRODUCT_NAME = "$(TARGET_NAME)";
				TEST_HOST = "$(BUILT_PRODUCTS_DIR)/Kangu.app/Kangu";
			};
			name = Release;
		};
/* End XCBuildConfiguration section */

/* Begin XCConfigurationList section */
		B066594A1A5AFE7300F00BF8 /* Build configuration list for PBXProject "Kangu" */ = {
			isa = XCConfigurationList;
			buildConfigurations = (
				B06659701A5AFE7300F00BF8 /* Debug */,
				B06659711A5AFE7300F00BF8 /* Release */,
			);
			defaultConfigurationIsVisible = 0;
			defaultConfigurationName = Release;
		};
		B06659721A5AFE7300F00BF8 /* Build configuration list for PBXNativeTarget "Kangu" */ = {
			isa = XCConfigurationList;
			buildConfigurations = (
				B06659731A5AFE7300F00BF8 /* Debug */,
				B06659741A5AFE7300F00BF8 /* Release */,
			);
			defaultConfigurationIsVisible = 0;
			defaultConfigurationName = Release;
		};
		B06659751A5AFE7300F00BF8 /* Build configuration list for PBXNativeTarget "KanguTests" */ = {
			isa = XCConfigurationList;
			buildConfigurations = (
				B06659761A5AFE7300F00BF8 /* Debug */,
				B06659771A5AFE7300F00BF8 /* Release */,
			);
			defaultConfigurationIsVisible = 0;
			defaultConfigurationName = Release;
		};
/* End XCConfigurationList section */
	};
	rootObject = B06659471A5AFE7300F00BF8 /* Project object */;
}
